
Microsoft Visual Studio Solution File, Format Version 12.00
# Visual Studio Version 17
VisualStudioVersion = 17.14.36603.0 d17.14
MinimumVisualStudioVersion = 10.0.40219.1
Project("{FAE04EC0-301F-11D3-BF4B-00C04F79EFBC}") = "Calculator", "Calculator.csproj", "{68E3F897-DD0C-4B67-A289-933BA1552A19}"
EndProject
Project("{FAE04EC0-301F-11D3-BF4B-00C04F79EFBC}") = "CalculatorLibrary", "..\CalculatorLibrary\CalculatorLibrary.csproj", "{87AC7B51-A530-429F-8322-53BF20DC73FA}"
EndProject
Global
	GlobalSection(SolutionConfigurationPlatforms) = preSolution
		Debug|Any CPU = Debug|Any CPU
		Release|Any CPU = Release|Any CPU
	EndGlobalSection
	GlobalSection(ProjectConfigurationPlatforms) = postSolution
		{68E3F897-DD0C-4B67-A289-933BA1552A19}.Debug|Any CPU.ActiveCfg = Debug|Any CPU
		{68E3F897-DD0C-4B67-A289-933BA1552A19}.Debug|Any CPU.Build.0 = Debug|Any CPU
		{68E3F897-DD0C-4B67-A289-933BA1552A19}.Release|Any CPU.ActiveCfg = Release|Any CPU
		{68E3F897-DD0C-4B67-A289-933BA1552A19}.Release|Any CPU.Build.0 = Release|Any CPU
		{87AC7B51-A530-429F-8322-53BF20DC73FA}.Debug|Any CPU.ActiveCfg = Debug|Any CPU
		{87AC7B51-A530-429F-8322-53BF20DC73FA}.Debug|Any CPU.Build.0 = Debug|Any CPU
		{87AC7B51-A530-429F-8322-53BF20DC73FA}.Release|Any CPU.ActiveCfg = Release|Any CPU
		{87AC7B51-A530-429F-8322-53BF20DC73FA}.Release|Any CPU.Build.0 = Release|Any CPU
	EndGlobalSection
	GlobalSection(SolutionProperties) = preSolution
		HideSolutionNode = FALSE
	EndGlobalSection
	GlobalSection(ExtensibilityGlobals) = postSolution
		SolutionGuid = {876BAC24-451C-4923-9DB7-98E3392A4562}
	EndGlobalSection
EndGlobal
